PODS:
  - Flutter (1.0.0)
  - flutter_photo_picker (0.0.1):
    - Flutter
    - SVProgressHUD
  - SVProgressHUD (2.2.5)

DEPENDENCIES:
  - Flutter (from `.symlinks/flutter/ios`)
  - flutter_photo_picker (from `.symlinks/plugins/flutter_photo_picker/ios`)

SPEC REPOS:
  https://github.com/cocoapods/specs.git:
    - SVProgressHUD

EXTERNAL SOURCES:
  Flutter:
    :path: ".symlinks/flutter/ios"
  flutter_photo_picker:
    :path: ".symlinks/plugins/flutter_photo_picker/ios"

SPEC CHECKSUMS:
  Flutter: 0e3d915762c693b495b44d77113d4970485de6ec
  flutter_photo_picker: 422d609561f87acc532ee04ec85c33d0ec7db587
  SVProgressHUD: 1428aafac632c1f86f62aa4243ec12008d7a51d6

PODFILE CHECKSUM: 9b68a2bbea5a6a7e7bf9c3a9c9bfb462c94af4c7

COCOAPODS: 1.6.1
