PODS:
  - Flutter (1.0.0)
  - flutter_photo_picker (0.0.1):
    - Flutter

DEPENDENCIES:
  - Flutter (from `Flutter`)
  - flutter_photo_picker (from `.symlinks/plugins/flutter_photo_picker/ios`)

EXTERNAL SOURCES:
  Flutter:
    :path: Flutter
  flutter_photo_picker:
    :path: ".symlinks/plugins/flutter_photo_picker/ios"

SPEC CHECKSUMS:
  Flutter: 0e3d915762c693b495b44d77113d4970485de6ec
  flutter_photo_picker: 61965e8ac33d03175c89ed3d1017b34fd3466834

PODFILE CHECKSUM: 17858697eae28baf2705a22cc4e50f60d00266be

COCOAPODS: 1.9.1
