PODS:
  - Flutter (1.0.0)
  - flutter_photo_picker (0.0.1):
    - Flutter
    - SVProgressHUD
  - SVProgressHUD (2.2.5)

DEPENDENCIES:
  - Flutter (from `Flutter`)
  - flutter_photo_picker (from `.symlinks/plugins/flutter_photo_picker/ios`)

SPEC REPOS:
  https://github.com/cocoapods/specs.git:
    - SVProgressHUD

EXTERNAL SOURCES:
  Flutter:
    :path: Flutter
  flutter_photo_picker:
    :path: ".symlinks/plugins/flutter_photo_picker/ios"

SPEC CHECKSUMS:
  Flutter: 0e3d915762c693b495b44d77113d4970485de6ec
  flutter_photo_picker: 821b093ee200a854d701b54937def4b90f597326
  SVProgressHUD: 1428aafac632c1f86f62aa4243ec12008d7a51d6

PODFILE CHECKSUM: 17858697eae28baf2705a22cc4e50f60d00266be

COCOAPODS: 1.6.1
